
Microsoft Visual Studio Solution File, Format Version 12.00
# Visual Studio 14
VisualStudioVersion = 14.0.25420.1
MinimumVisualStudioVersion = 10.0.40219.1
Project("{FAE04EC0-301F-11D3-BF4B-00C04F79EFBC}") = "day1", "day1\day1.csproj", "{ACF14433-705B-48FC-91B8-C82BE6F94492}"
EndProject
Project("{FAE04EC0-301F-11D3-BF4B-00C04F79EFBC}") = "day2", "day2\day2.csproj", "{6B723F88-293D-4E59-8FD7-DBA033C73C54}"
EndProject
Project("{FAE04EC0-301F-11D3-BF4B-00C04F79EFBC}") = "day3", "day3\day3.csproj", "{807AECBF-40EF-4B1F-A8FD-0875AEA3E312}"
EndProject
Project("{FAE04EC0-301F-11D3-BF4B-00C04F79EFBC}") = "day4", "day4\day4.csproj", "{397EAAFA-5B2A-44DB-9ECC-FB4F7E417594}"
EndProject
Project("{FAE04EC0-301F-11D3-BF4B-00C04F79EFBC}") = "day5", "day5\day5.csproj", "{38500F86-6B45-41F7-87D9-07DD5A1A5125}"
EndProject
Project("{FAE04EC0-301F-11D3-BF4B-00C04F79EFBC}") = "day6", "day6\day6.csproj", "{C847946E-85C7-47D0-82E2-06BFF8A68BDB}"
EndProject
Project("{FAE04EC0-301F-11D3-BF4B-00C04F79EFBC}") = "daysOthers", "daysOthers\daysOthers.csproj", "{C14733EB-14B0-47F9-8CC8-FFC1300CCFAE}"
EndProject
Global
	GlobalSection(SolutionConfigurationPlatforms) = preSolution
		Debug|Any CPU = Debug|Any CPU
		Release|Any CPU = Release|Any CPU
	EndGlobalSection
	GlobalSection(ProjectConfigurationPlatforms) = postSolution
		{ACF14433-705B-48FC-91B8-C82BE6F94492}.Debug|Any CPU.ActiveCfg = Debug|Any CPU
		{ACF14433-705B-48FC-91B8-C82BE6F94492}.Debug|Any CPU.Build.0 = Debug|Any CPU
		{ACF14433-705B-48FC-91B8-C82BE6F94492}.Release|Any CPU.ActiveCfg = Release|Any CPU
		{ACF14433-705B-48FC-91B8-C82BE6F94492}.Release|Any CPU.Build.0 = Release|Any CPU
		{6B723F88-293D-4E59-8FD7-DBA033C73C54}.Debug|Any CPU.ActiveCfg = Debug|Any CPU
		{6B723F88-293D-4E59-8FD7-DBA033C73C54}.Debug|Any CPU.Build.0 = Debug|Any CPU
		{6B723F88-293D-4E59-8FD7-DBA033C73C54}.Release|Any CPU.ActiveCfg = Release|Any CPU
		{6B723F88-293D-4E59-8FD7-DBA033C73C54}.Release|Any CPU.Build.0 = Release|Any CPU
		{807AECBF-40EF-4B1F-A8FD-0875AEA3E312}.Debug|Any CPU.ActiveCfg = Debug|Any CPU
		{807AECBF-40EF-4B1F-A8FD-0875AEA3E312}.Debug|Any CPU.Build.0 = Debug|Any CPU
		{807AECBF-40EF-4B1F-A8FD-0875AEA3E312}.Release|Any CPU.ActiveCfg = Release|Any CPU
		{807AECBF-40EF-4B1F-A8FD-0875AEA3E312}.Release|Any CPU.Build.0 = Release|Any CPU
		{397EAAFA-5B2A-44DB-9ECC-FB4F7E417594}.Debug|Any CPU.ActiveCfg = Debug|Any CPU
		{397EAAFA-5B2A-44DB-9ECC-FB4F7E417594}.Debug|Any CPU.Build.0 = Debug|Any CPU
		{397EAAFA-5B2A-44DB-9ECC-FB4F7E417594}.Release|Any CPU.ActiveCfg = Release|Any CPU
		{397EAAFA-5B2A-44DB-9ECC-FB4F7E417594}.Release|Any CPU.Build.0 = Release|Any CPU
		{38500F86-6B45-41F7-87D9-07DD5A1A5125}.Debug|Any CPU.ActiveCfg = Debug|Any CPU
		{38500F86-6B45-41F7-87D9-07DD5A1A5125}.Debug|Any CPU.Build.0 = Debug|Any CPU
		{38500F86-6B45-41F7-87D9-07DD5A1A5125}.Release|Any CPU.ActiveCfg = Release|Any CPU
		{38500F86-6B45-41F7-87D9-07DD5A1A5125}.Release|Any CPU.Build.0 = Release|Any CPU
		{C847946E-85C7-47D0-82E2-06BFF8A68BDB}.Debug|Any CPU.ActiveCfg = Debug|Any CPU
		{C847946E-85C7-47D0-82E2-06BFF8A68BDB}.Debug|Any CPU.Build.0 = Debug|Any CPU
		{C847946E-85C7-47D0-82E2-06BFF8A68BDB}.Release|Any CPU.ActiveCfg = Release|Any CPU
		{C847946E-85C7-47D0-82E2-06BFF8A68BDB}.Release|Any CPU.Build.0 = Release|Any CPU
		{C14733EB-14B0-47F9-8CC8-FFC1300CCFAE}.Debug|Any CPU.ActiveCfg = Debug|Any CPU
		{C14733EB-14B0-47F9-8CC8-FFC1300CCFAE}.Debug|Any CPU.Build.0 = Debug|Any CPU
		{C14733EB-14B0-47F9-8CC8-FFC1300CCFAE}.Release|Any CPU.ActiveCfg = Release|Any CPU
		{C14733EB-14B0-47F9-8CC8-FFC1300CCFAE}.Release|Any CPU.Build.0 = Release|Any CPU
	EndGlobalSection
	GlobalSection(SolutionProperties) = preSolution
		HideSolutionNode = FALSE
	EndGlobalSection
EndGlobal
